
Microsoft Visual Studio Solution File, Format Version 12.00
# Visual Studio 15
VisualStudioVersion = 15.0.28307.168
MinimumVisualStudioVersion = 10.0.40219.1
Project("{FAE04EC0-301F-11D3-BF4B-00C04F79EFBC}") = "Our.Umbraco.ContentAppPermissions.Web", "Our.Umbraco.ContentAppPermissions.Web\Our.Umbraco.ContentAppPermissions.Web.csproj", "{F247F217-CD38-40A5-A3A9-2236FFDC997C}"
EndProject
Project("{FAE04EC0-301F-11D3-BF4B-00C04F79EFBC}") = "Our.Umbraco.ContentAppPermissions.Core", "Our.Umbraco.ContentAppPermissions.Core\Our.Umbraco.ContentAppPermissions.Core.csproj", "{A77FD355-F86F-4553-9E39-743E84D814BC}"
EndProject
Global
	GlobalSection(SolutionConfigurationPlatforms) = preSolution
		Debug|Any CPU = Debug|Any CPU
		Release|Any CPU = Release|Any CPU
	EndGlobalSection
	GlobalSection(ProjectConfigurationPlatforms) = postSolution
		{F247F217-CD38-40A5-A3A9-2236FFDC997C}.Debug|Any CPU.ActiveCfg = Debug|Any CPU
		{F247F217-CD38-40A5-A3A9-2236FFDC997C}.Debug|Any CPU.Build.0 = Debug|Any CPU
		{F247F217-CD38-40A5-A3A9-2236FFDC997C}.Release|Any CPU.ActiveCfg = Release|Any CPU
		{F247F217-CD38-40A5-A3A9-2236FFDC997C}.Release|Any CPU.Build.0 = Release|Any CPU
		{A77FD355-F86F-4553-9E39-743E84D814BC}.Debug|Any CPU.ActiveCfg = Debug|Any CPU
		{A77FD355-F86F-4553-9E39-743E84D814BC}.Debug|Any CPU.Build.0 = Debug|Any CPU
		{A77FD355-F86F-4553-9E39-743E84D814BC}.Release|Any CPU.ActiveCfg = Release|Any CPU
		{A77FD355-F86F-4553-9E39-743E84D814BC}.Release|Any CPU.Build.0 = Release|Any CPU
	EndGlobalSection
	GlobalSection(SolutionProperties) = preSolution
		HideSolutionNode = FALSE
	EndGlobalSection
	GlobalSection(ExtensibilityGlobals) = postSolution
		SolutionGuid = {8D7242C4-4B3A-40DF-8C01-F4A2EE89BD47}
	EndGlobalSection
EndGlobal
